// !$*UTF8*$!
{
	archiveVersion = 1;
	classes = {
	};
	objectVersion = 50;
	objects = {

/* Begin PBXBuildFile section */
		0F91C70EF77995D0608AD523 /* Pods_MVVMTemplate.framework in Frameworks */ = {isa = PBXBuildFile; fileRef = 9999CBFB435327F10B3CB099 /* Pods_MVVMTemplate.framework */; };
		1FE337824D804250FE709C4B /* Pods_MVVMTemplateTests.framework in Frameworks */ = {isa = PBXBuildFile; fileRef = CFB11A68DF0DCE8A4AD7F6F9 /* Pods_MVVMTemplateTests.framework */; };
		A470691A146CAC613B72CA59 /* Pods_MVVMTemplateUITests.framework in Frameworks */ = {isa = PBXBuildFile; fileRef = 767AFA55617463C777E21418 /* Pods_MVVMTemplateUITests.framework */; };
		EB3D22DC2135A3A60033BCF3 /* Reusable.swift in Sources */ = {isa = PBXBuildFile; fileRef = EB3D22DB2135A3A60033BCF3 /* Reusable.swift */; };
		EB3D22DE2135ABF80033BCF3 /* Connectable.swift in Sources */ = {isa = PBXBuildFile; fileRef = EB3D22DD2135ABF80033BCF3 /* Connectable.swift */; };
		EB6CA0E12144C4EA0076CEDF /* Bindable.swift in Sources */ = {isa = PBXBuildFile; fileRef = EB6CA0E02144C4EA0076CEDF /* Bindable.swift */; };
		EB6CA0E32144D6D20076CEDF /* Button+Extension.swift in Sources */ = {isa = PBXBuildFile; fileRef = EB6CA0E22144D6D20076CEDF /* Button+Extension.swift */; };
		EB7AD2DC2142DB1A00C530F3 /* HexColor.swift in Sources */ = {isa = PBXBuildFile; fileRef = EB7AD2DB2142DB1A00C530F3 /* HexColor.swift */; };
		EBE0B27F21B37B2800283610 /* ViewModelSpec.swift in Sources */ = {isa = PBXBuildFile; fileRef = EBE0B27E21B37B2800283610 /* ViewModelSpec.swift */; };
		EBECBD5521341B2B00791B98 /* AppDelegate.swift in Sources */ = {isa = PBXBuildFile; fileRef = EBECBD5421341B2B00791B98 /* AppDelegate.swift */; };
		EBECBD5721341B2B00791B98 /* ViewController.swift in Sources */ = {isa = PBXBuildFile; fileRef = EBECBD5621341B2B00791B98 /* ViewController.swift */; };
		EBECBD5A21341B2B00791B98 /* Main.storyboard in Resources */ = {isa = PBXBuildFile; fileRef = EBECBD5821341B2B00791B98 /* Main.storyboard */; };
		EBECBD5D21341B2B00791B98 /* MVVMTemplate.xcdatamodeld in Sources */ = {isa = PBXBuildFile; fileRef = EBECBD5B21341B2B00791B98 /* MVVMTemplate.xcdatamodeld */; };
		EBECBD5F21341B2C00791B98 /* Assets.xcassets in Resources */ = {isa = PBXBuildFile; fileRef = EBECBD5E21341B2C00791B98 /* Assets.xcassets */; };
		EBECBD6221341B2C00791B98 /* LaunchScreen.storyboard in Resources */ = {isa = PBXBuildFile; fileRef = EBECBD6021341B2C00791B98 /* LaunchScreen.storyboard */; };
		EBECBD6D21341B2C00791B98 /* MVVMTemplateTests.swift in Sources */ = {isa = PBXBuildFile; fileRef = EBECBD6C21341B2C00791B98 /* MVVMTemplateTests.swift */; };
		EBECBD7821341B2C00791B98 /* MVVMTemplateUITests.swift in Sources */ = {isa = PBXBuildFile; fileRef = EBECBD7721341B2C00791B98 /* MVVMTemplateUITests.swift */; };
		EBECBD88213422A000791B98 /* ViewModelAttachable.swift in Sources */ = {isa = PBXBuildFile; fileRef = EBECBD86213422A000791B98 /* ViewModelAttachable.swift */; };
		EBECBD89213422A000791B98 /* ViewModelType.swift in Sources */ = {isa = PBXBuildFile; fileRef = EBECBD87213422A000791B98 /* ViewModelType.swift */; };
		EBECBD8C2134548500791B98 /* MainViewModel.swift in Sources */ = {isa = PBXBuildFile; fileRef = EBECBD8B2134548500791B98 /* MainViewModel.swift */; };
/* End PBXBuildFile section */

/* Begin PBXContainerItemProxy section */
		EBECBD6921341B2C00791B98 /* PBXContainerItemProxy */ = {
			isa = PBXContainerItemProxy;
			containerPortal = EBECBD4921341B2B00791B98 /* Project object */;
			proxyType = 1;
			remoteGlobalIDString = EBECBD5021341B2B00791B98;
			remoteInfo = MVVMTemplate;
		};
		EBECBD7421341B2C00791B98 /* PBXContainerItemProxy */ = {
			isa = PBXContainerItemProxy;
			containerPortal = EBECBD4921341B2B00791B98 /* Project object */;
			proxyType = 1;
			remoteGlobalIDString = EBECBD5021341B2B00791B98;
			remoteInfo = MVVMTemplate;
		};
/* End PBXContainerItemProxy section */

/* Begin PBXFileReference section */
		0DB22E02AC831D1C2A2F43D0 /* Pods-MVVMTemplateUITests.release.xcconfig */ = {isa = PBXFileReference; includeInIndex = 1; lastKnownFileType = text.xcconfig; name = "Pods-MVVMTemplateUITests.release.xcconfig"; path = "Pods/Target Support Files/Pods-MVVMTemplateUITests/Pods-MVVMTemplateUITests.release.xcconfig"; sourceTree = "<group>"; };
		2ADC3E48A7CBF0A8C56069C7 /* Pods-MVVMTemplateTests.release.xcconfig */ = {isa = PBXFileReference; includeInIndex = 1; lastKnownFileType = text.xcconfig; name = "Pods-MVVMTemplateTests.release.xcconfig"; path = "Pods/Target Support Files/Pods-MVVMTemplateTests/Pods-MVVMTemplateTests.release.xcconfig"; sourceTree = "<group>"; };
		50DA63EF91E668296AAFF4AB /* Pods-MVVMTemplate.debug.xcconfig */ = {isa = PBXFileReference; includeInIndex = 1; lastKnownFileType = text.xcconfig; name = "Pods-MVVMTemplate.debug.xcconfig"; path = "Pods/Target Support Files/Pods-MVVMTemplate/Pods-MVVMTemplate.debug.xcconfig"; sourceTree = "<group>"; };
		6907DA3517AC7E26D007A651 /* Pods-MVVMTemplateUITests.debug.xcconfig */ = {isa = PBXFileReference; includeInIndex = 1; lastKnownFileType = text.xcconfig; name = "Pods-MVVMTemplateUITests.debug.xcconfig"; path = "Pods/Target Support Files/Pods-MVVMTemplateUITests/Pods-MVVMTemplateUITests.debug.xcconfig"; sourceTree = "<group>"; };
		767AFA55617463C777E21418 /* Pods_MVVMTemplateUITests.framework */ = {isa = PBXFileReference; explicitFileType = wrapper.framework; includeInIndex = 0; path = Pods_MVVMTemplateUITests.framework; sourceTree = BUILT_PRODUCTS_DIR; };
		9999CBFB435327F10B3CB099 /* Pods_MVVMTemplate.framework */ = {isa = PBXFileReference; explicitFileType = wrapper.framework; includeInIndex = 0; path = Pods_MVVMTemplate.framework; sourceTree = BUILT_PRODUCTS_DIR; };
		B6122E7F8442A3644183622F /* Pods-MVVMTemplate.release.xcconfig */ = {isa = PBXFileReference; includeInIndex = 1; lastKnownFileType = text.xcconfig; name = "Pods-MVVMTemplate.release.xcconfig"; path = "Pods/Target Support Files/Pods-MVVMTemplate/Pods-MVVMTemplate.release.xcconfig"; sourceTree = "<group>"; };
		CFB11A68DF0DCE8A4AD7F6F9 /* Pods_MVVMTemplateTests.framework */ = {isa = PBXFileReference; explicitFileType = wrapper.framework; includeInIndex = 0; path = Pods_MVVMTemplateTests.framework; sourceTree = BUILT_PRODUCTS_DIR; };
		EB3D22DB2135A3A60033BCF3 /* Reusable.swift */ = {isa = PBXFileReference; lastKnownFileType = sourcecode.swift; path = Reusable.swift; sourceTree = "<group>"; };
		EB3D22DD2135ABF80033BCF3 /* Connectable.swift */ = {isa = PBXFileReference; lastKnownFileType = sourcecode.swift; path = Connectable.swift; sourceTree = "<group>"; };
		EB6CA0E02144C4EA0076CEDF /* Bindable.swift */ = {isa = PBXFileReference; lastKnownFileType = sourcecode.swift; path = Bindable.swift; sourceTree = "<group>"; };
		EB6CA0E22144D6D20076CEDF /* Button+Extension.swift */ = {isa = PBXFileReference; lastKnownFileType = sourcecode.swift; path = "Button+Extension.swift"; sourceTree = "<group>"; };
		EB7AD2DB2142DB1A00C530F3 /* HexColor.swift */ = {isa = PBXFileReference; lastKnownFileType = sourcecode.swift; path = HexColor.swift; sourceTree = "<group>"; };
		EBE0B27E21B37B2800283610 /* ViewModelSpec.swift */ = {isa = PBXFileReference; fileEncoding = 4; lastKnownFileType = sourcecode.swift; path = ViewModelSpec.swift; sourceTree = "<group>"; };
		EBECBD5121341B2B00791B98 /* MVVMTemplate.app */ = {isa = PBXFileReference; explicitFileType = wrapper.application; includeInIndex = 0; path = MVVMTemplate.app; sourceTree = BUILT_PRODUCTS_DIR; };
		EBECBD5421341B2B00791B98 /* AppDelegate.swift */ = {isa = PBXFileReference; lastKnownFileType = sourcecode.swift; path = AppDelegate.swift; sourceTree = "<group>"; };
		EBECBD5621341B2B00791B98 /* ViewController.swift */ = {isa = PBXFileReference; lastKnownFileType = sourcecode.swift; path = ViewController.swift; sourceTree = "<group>"; };
		EBECBD5921341B2B00791B98 /* Base */ = {isa = PBXFileReference; lastKnownFileType = file.storyboard; name = Base; path = Base.lproj/Main.storyboard; sourceTree = "<group>"; };
		EBECBD5C21341B2B00791B98 /* MVVMTemplate.xcdatamodel */ = {isa = PBXFileReference; lastKnownFileType = wrapper.xcdatamodel; path = MVVMTemplate.xcdatamodel; sourceTree = "<group>"; };
		EBECBD5E21341B2C00791B98 /* Assets.xcassets */ = {isa = PBXFileReference; lastKnownFileType = folder.assetcatalog; path = Assets.xcassets; sourceTree = "<group>"; };
		EBECBD6121341B2C00791B98 /* Base */ = {isa = PBXFileReference; lastKnownFileType = file.storyboard; name = Base; path = Base.lproj/LaunchScreen.storyboard; sourceTree = "<group>"; };
		EBECBD6321341B2C00791B98 /* Info.plist */ = {isa = PBXFileReference; lastKnownFileType = text.plist.xml; path = Info.plist; sourceTree = "<group>"; };
		EBECBD6821341B2C00791B98 /* MVVMTemplateTests.xctest */ = {isa = PBXFileReference; explicitFileType = wrapper.cfbundle; includeInIndex = 0; path = MVVMTemplateTests.xctest; sourceTree = BUILT_PRODUCTS_DIR; };
		EBECBD6C21341B2C00791B98 /* MVVMTemplateTests.swift */ = {isa = PBXFileReference; lastKnownFileType = sourcecode.swift; path = MVVMTemplateTests.swift; sourceTree = "<group>"; };
		EBECBD6E21341B2C00791B98 /* Info.plist */ = {isa = PBXFileReference; lastKnownFileType = text.plist.xml; path = Info.plist; sourceTree = "<group>"; };
		EBECBD7321341B2C00791B98 /* MVVMTemplateUITests.xctest */ = {isa = PBXFileReference; explicitFileType = wrapper.cfbundle; includeInIndex = 0; path = MVVMTemplateUITests.xctest; sourceTree = BUILT_PRODUCTS_DIR; };
		EBECBD7721341B2C00791B98 /* MVVMTemplateUITests.swift */ = {isa = PBXFileReference; lastKnownFileType = sourcecode.swift; path = MVVMTemplateUITests.swift; sourceTree = "<group>"; };
		EBECBD7921341B2C00791B98 /* Info.plist */ = {isa = PBXFileReference; lastKnownFileType = text.plist.xml; path = Info.plist; sourceTree = "<group>"; };
		EBECBD86213422A000791B98 /* ViewModelAttachable.swift */ = {isa = PBXFileReference; fileEncoding = 4; lastKnownFileType = sourcecode.swift; path = ViewModelAttachable.swift; sourceTree = "<group>"; };
		EBECBD87213422A000791B98 /* ViewModelType.swift */ = {isa = PBXFileReference; fileEncoding = 4; lastKnownFileType = sourcecode.swift; path = ViewModelType.swift; sourceTree = "<group>"; };
		EBECBD8B2134548500791B98 /* MainViewModel.swift */ = {isa = PBXFileReference; lastKnownFileType = sourcecode.swift; path = MainViewModel.swift; sourceTree = "<group>"; };
		ECB49B25955F5007E296A8EB /* Pods-MVVMTemplateTests.debug.xcconfig */ = {isa = PBXFileReference; includeInIndex = 1; lastKnownFileType = text.xcconfig; name = "Pods-MVVMTemplateTests.debug.xcconfig"; path = "Pods/Target Support Files/Pods-MVVMTemplateTests/Pods-MVVMTemplateTests.debug.xcconfig"; sourceTree = "<group>"; };
/* End PBXFileReference section */

/* Begin PBXFrameworksBuildPhase section */
		EBECBD4E21341B2B00791B98 /* Frameworks */ = {
			isa = PBXFrameworksBuildPhase;
			buildActionMask = 2147483647;
			files = (
				0F91C70EF77995D0608AD523 /* Pods_MVVMTemplate.framework in Frameworks */,
			);
			runOnlyForDeploymentPostprocessing = 0;
		};
		EBECBD6521341B2C00791B98 /* Frameworks */ = {
			isa = PBXFrameworksBuildPhase;
			buildActionMask = 2147483647;
			files = (
				1FE337824D804250FE709C4B /* Pods_MVVMTemplateTests.framework in Frameworks */,
			);
			runOnlyForDeploymentPostprocessing = 0;
		};
		EBECBD7021341B2C00791B98 /* Frameworks */ = {
			isa = PBXFrameworksBuildPhase;
			buildActionMask = 2147483647;
			files = (
				A470691A146CAC613B72CA59 /* Pods_MVVMTemplateUITests.framework in Frameworks */,
			);
			runOnlyForDeploymentPostprocessing = 0;
		};
/* End PBXFrameworksBuildPhase section */

/* Begin PBXGroup section */
		08CACC534DC7373C1388190E /* Frameworks */ = {
			isa = PBXGroup;
			children = (
				9999CBFB435327F10B3CB099 /* Pods_MVVMTemplate.framework */,
				CFB11A68DF0DCE8A4AD7F6F9 /* Pods_MVVMTemplateTests.framework */,
				767AFA55617463C777E21418 /* Pods_MVVMTemplateUITests.framework */,
			);
			name = Frameworks;
			sourceTree = "<group>";
		};
		4DE9910C467898604E8B12D3 /* Pods */ = {
			isa = PBXGroup;
			children = (
				50DA63EF91E668296AAFF4AB /* Pods-MVVMTemplate.debug.xcconfig */,
				B6122E7F8442A3644183622F /* Pods-MVVMTemplate.release.xcconfig */,
				ECB49B25955F5007E296A8EB /* Pods-MVVMTemplateTests.debug.xcconfig */,
				2ADC3E48A7CBF0A8C56069C7 /* Pods-MVVMTemplateTests.release.xcconfig */,
				6907DA3517AC7E26D007A651 /* Pods-MVVMTemplateUITests.debug.xcconfig */,
				0DB22E02AC831D1C2A2F43D0 /* Pods-MVVMTemplateUITests.release.xcconfig */,
			);
			name = Pods;
			sourceTree = "<group>";
		};
		EB7AD2DD2142DCD600C530F3 /* Utility */ = {
			isa = PBXGroup;
			children = (
				EB7AD2DB2142DB1A00C530F3 /* HexColor.swift */,
			);
			path = Utility;
			sourceTree = "<group>";
		};
		EB7AD2DE2142DD0100C530F3 /* Feature */ = {
			isa = PBXGroup;
			children = (
				EBECBD5621341B2B00791B98 /* ViewController.swift */,
				EBECBD8B2134548500791B98 /* MainViewModel.swift */,
			);
			path = Feature;
			sourceTree = "<group>";
		};
		EBECBD4821341B2B00791B98 = {
			isa = PBXGroup;
			children = (
				EBECBD5321341B2B00791B98 /* MVVMTemplate */,
				EBECBD6B21341B2C00791B98 /* MVVMTemplateTests */,
				EBECBD7621341B2C00791B98 /* MVVMTemplateUITests */,
				EBECBD5221341B2B00791B98 /* Products */,
				4DE9910C467898604E8B12D3 /* Pods */,
				08CACC534DC7373C1388190E /* Frameworks */,
			);
			sourceTree = "<group>";
		};
		EBECBD5221341B2B00791B98 /* Products */ = {
			isa = PBXGroup;
			children = (
				EBECBD5121341B2B00791B98 /* MVVMTemplate.app */,
				EBECBD6821341B2C00791B98 /* MVVMTemplateTests.xctest */,
				EBECBD7321341B2C00791B98 /* MVVMTemplateUITests.xctest */,
			);
			name = Products;
			sourceTree = "<group>";
		};
		EBECBD5321341B2B00791B98 /* MVVMTemplate */ = {
			isa = PBXGroup;
			children = (
				EBECBD5421341B2B00791B98 /* AppDelegate.swift */,
				EBECBD85213422A000791B98 /* Protocol */,
				EB7AD2DE2142DD0100C530F3 /* Feature */,
				EB7AD2DD2142DCD600C530F3 /* Utility */,
				EBECBD5821341B2B00791B98 /* Main.storyboard */,
				EBECBD5E21341B2C00791B98 /* Assets.xcassets */,
				EBECBD6021341B2C00791B98 /* LaunchScreen.storyboard */,
				EBECBD6321341B2C00791B98 /* Info.plist */,
				EBECBD5B21341B2B00791B98 /* MVVMTemplate.xcdatamodeld */,
			);
			path = MVVMTemplate;
			sourceTree = "<group>";
		};
		EBECBD6B21341B2C00791B98 /* MVVMTemplateTests */ = {
			isa = PBXGroup;
			children = (
				EBECBD6C21341B2C00791B98 /* MVVMTemplateTests.swift */,
				EBECBD6E21341B2C00791B98 /* Info.plist */,
			);
			path = MVVMTemplateTests;
			sourceTree = "<group>";
		};
		EBECBD7621341B2C00791B98 /* MVVMTemplateUITests */ = {
			isa = PBXGroup;
			children = (
				EBECBD7721341B2C00791B98 /* MVVMTemplateUITests.swift */,
				EBECBD7921341B2C00791B98 /* Info.plist */,
			);
			path = MVVMTemplateUITests;
			sourceTree = "<group>";
		};
		EBECBD85213422A000791B98 /* Protocol */ = {
			isa = PBXGroup;
			children = (
				EBECBD86213422A000791B98 /* ViewModelAttachable.swift */,
				EB6CA0E22144D6D20076CEDF /* Button+Extension.swift */,
				EBECBD87213422A000791B98 /* ViewModelType.swift */,
				EBE0B27E21B37B2800283610 /* ViewModelSpec.swift */,
				EB3D22DB2135A3A60033BCF3 /* Reusable.swift */,
				EB3D22DD2135ABF80033BCF3 /* Connectable.swift */,
				EB6CA0E02144C4EA0076CEDF /* Bindable.swift */,
			);
			path = Protocol;
			sourceTree = "<group>";
		};
/* End PBXGroup section */

/* Begin PBXNativeTarget section */
		EBECBD5021341B2B00791B98 /* MVVMTemplate */ = {
			isa = PBXNativeTarget;
			buildConfigurationList = EBECBD7C21341B2C00791B98 /* Build configuration list for PBXNativeTarget "MVVMTemplate" */;
			buildPhases = (
				12396786323821D0326129F7 /* [CP] Check Pods Manifest.lock */,
				EBECBD4D21341B2B00791B98 /* Sources */,
				EBECBD4E21341B2B00791B98 /* Frameworks */,
				EBECBD4F21341B2B00791B98 /* Resources */,
				E947FEC5E725992B7975D394 /* [CP] Embed Pods Frameworks */,
			);
			buildRules = (
			);
			dependencies = (
			);
			name = MVVMTemplate;
			productName = MVVMTemplate;
			productReference = EBECBD5121341B2B00791B98 /* MVVMTemplate.app */;
			productType = "com.apple.product-type.application";
		};
		EBECBD6721341B2C00791B98 /* MVVMTemplateTests */ = {
			isa = PBXNativeTarget;
			buildConfigurationList = EBECBD7F21341B2C00791B98 /* Build configuration list for PBXNativeTarget "MVVMTemplateTests" */;
			buildPhases = (
				E32457B4A699B510580030DE /* [CP] Check Pods Manifest.lock */,
				EBECBD6421341B2C00791B98 /* Sources */,
				EBECBD6521341B2C00791B98 /* Frameworks */,
				EBECBD6621341B2C00791B98 /* Resources */,
				C00A8831CC5714E23A75DF42 /* [CP] Embed Pods Frameworks */,
			);
			buildRules = (
			);
			dependencies = (
				EBECBD6A21341B2C00791B98 /* PBXTargetDependency */,
			);
			name = MVVMTemplateTests;
			productName = MVVMTemplateTests;
			productReference = EBECBD6821341B2C00791B98 /* MVVMTemplateTests.xctest */;
			productType = "com.apple.product-type.bundle.unit-test";
		};
		EBECBD7221341B2C00791B98 /* MVVMTemplateUITests */ = {
			isa = PBXNativeTarget;
			buildConfigurationList = EBECBD8221341B2C00791B98 /* Build configuration list for PBXNativeTarget "MVVMTemplateUITests" */;
			buildPhases = (
				33D2CAE9434707ECF7E8C23F /* [CP] Check Pods Manifest.lock */,
				EBECBD6F21341B2C00791B98 /* Sources */,
				EBECBD7021341B2C00791B98 /* Frameworks */,
				EBECBD7121341B2C00791B98 /* Resources */,
				E1FE89947817CF46870F75C2 /* [CP] Embed Pods Frameworks */,
			);
			buildRules = (
			);
			dependencies = (
				EBECBD7521341B2C00791B98 /* PBXTargetDependency */,
			);
			name = MVVMTemplateUITests;
			productName = MVVMTemplateUITests;
			productReference = EBECBD7321341B2C00791B98 /* MVVMTemplateUITests.xctest */;
			productType = "com.apple.product-type.bundle.ui-testing";
		};
/* End PBXNativeTarget section */

/* Begin PBXProject section */
		EBECBD4921341B2B00791B98 /* Project object */ = {
			isa = PBXProject;
			attributes = {
				LastSwiftUpdateCheck = 0940;
				LastUpgradeCheck = 0940;
				ORGANIZATIONNAME = com.js;
				TargetAttributes = {
					EBECBD5021341B2B00791B98 = {
						CreatedOnToolsVersion = 9.4.1;
					};
					EBECBD6721341B2C00791B98 = {
						CreatedOnToolsVersion = 9.4.1;
						TestTargetID = EBECBD5021341B2B00791B98;
					};
					EBECBD7221341B2C00791B98 = {
						CreatedOnToolsVersion = 9.4.1;
						TestTargetID = EBECBD5021341B2B00791B98;
					};
				};
			};
			buildConfigurationList = EBECBD4C21341B2B00791B98 /* Build configuration list for PBXProject "MVVMTemplate" */;
			compatibilityVersion = "Xcode 9.3";
			developmentRegion = en;
			hasScannedForEncodings = 0;
			knownRegions = (
				en,
				Base,
			);
			mainGroup = EBECBD4821341B2B00791B98;
			productRefGroup = EBECBD5221341B2B00791B98 /* Products */;
			projectDirPath = "";
			projectRoot = "";
			targets = (
				EBECBD5021341B2B00791B98 /* MVVMTemplate */,
				EBECBD6721341B2C00791B98 /* MVVMTemplateTests */,
				EBECBD7221341B2C00791B98 /* MVVMTemplateUITests */,
			);
		};
/* End PBXProject section */

/* Begin PBXResourcesBuildPhase section */
		EBECBD4F21341B2B00791B98 /* Resources */ = {
			isa = PBXResourcesBuildPhase;
			buildActionMask = 2147483647;
			files = (
				EBECBD6221341B2C00791B98 /* LaunchScreen.storyboard in Resources */,
				EBECBD5F21341B2C00791B98 /* Assets.xcassets in Resources */,
				EBECBD5A21341B2B00791B98 /* Main.storyboard in Resources */,
			);
			runOnlyForDeploymentPostprocessing = 0;
		};
		EBECBD6621341B2C00791B98 /* Resources */ = {
			isa = PBXResourcesBuildPhase;
			buildActionMask = 2147483647;
			files = (
			);
			runOnlyForDeploymentPostprocessing = 0;
		};
		EBECBD7121341B2C00791B98 /* Resources */ = {
			isa = PBXResourcesBuildPhase;
			buildActionMask = 2147483647;
			files = (
			);
			runOnlyForDeploymentPostprocessing = 0;
		};
/* End PBXResourcesBuildPhase section */

/* Begin PBXShellScriptBuildPhase section */
		12396786323821D0326129F7 /* [CP] Check Pods Manifest.lock */ = {
			isa = PBXShellScriptBuildPhase;
			buildActionMask = 2147483647;
			files = (
			);
			inputPaths = (
				"${PODS_PODFILE_DIR_PATH}/Podfile.lock",
				"${PODS_ROOT}/Manifest.lock",
			);
			name = "[CP] Check Pods Manifest.lock";
			outputPaths = (
				"$(DERIVED_FILE_DIR)/Pods-MVVMTemplate-checkManifestLockResult.txt",
			);
			runOnlyForDeploymentPostprocessing = 0;
			shellPath = /bin/sh;
			shellScript = "diff \"${PODS_PODFILE_DIR_PATH}/Podfile.lock\" \"${PODS_ROOT}/Manifest.lock\" > /dev/null\nif [ $? != 0 ] ; then\n    # print error to STDERR\n    echo \"error: The sandbox is not in sync with the Podfile.lock. Run 'pod install' or update your CocoaPods installation.\" >&2\n    exit 1\nfi\n# This output is used by Xcode 'outputs' to avoid re-running this script phase.\necho \"SUCCESS\" > \"${SCRIPT_OUTPUT_FILE_0}\"\n";
			showEnvVarsInLog = 0;
		};
		33D2CAE9434707ECF7E8C23F /* [CP] Check Pods Manifest.lock */ = {
			isa = PBXShellScriptBuildPhase;
			buildActionMask = 2147483647;
			files = (
			);
			inputPaths = (
				"${PODS_PODFILE_DIR_PATH}/Podfile.lock",
				"${PODS_ROOT}/Manifest.lock",
			);
			name = "[CP] Check Pods Manifest.lock";
			outputPaths = (
				"$(DERIVED_FILE_DIR)/Pods-MVVMTemplateUITests-checkManifestLockResult.txt",
			);
			runOnlyForDeploymentPostprocessing = 0;
			shellPath = /bin/sh;
			shellScript = "diff \"${PODS_PODFILE_DIR_PATH}/Podfile.lock\" \"${PODS_ROOT}/Manifest.lock\" > /dev/null\nif [ $? != 0 ] ; then\n    # print error to STDERR\n    echo \"error: The sandbox is not in sync with the Podfile.lock. Run 'pod install' or update your CocoaPods installation.\" >&2\n    exit 1\nfi\n# This output is used by Xcode 'outputs' to avoid re-running this script phase.\necho \"SUCCESS\" > \"${SCRIPT_OUTPUT_FILE_0}\"\n";
			showEnvVarsInLog = 0;
		};
		C00A8831CC5714E23A75DF42 /* [CP] Embed Pods Frameworks */ = {
			isa = PBXShellScriptBuildPhase;
			buildActionMask = 2147483647;
			files = (
			);
			inputPaths = (
				"${SRCROOT}/Pods/Target Support Files/Pods-MVVMTemplateTests/Pods-MVVMTemplateTests-frameworks.sh",
				"${BUILT_PRODUCTS_DIR}/RxSwift/RxSwift.framework",
				"${BUILT_PRODUCTS_DIR}/RxBlocking/RxBlocking.framework",
				"${BUILT_PRODUCTS_DIR}/RxTest/RxTest.framework",
			);
			name = "[CP] Embed Pods Frameworks";
			outputPaths = (
				"${TARGET_BUILD_DIR}/${FRAMEWORKS_FOLDER_PATH}/RxSwift.framework",
				"${TARGET_BUILD_DIR}/${FRAMEWORKS_FOLDER_PATH}/RxBlocking.framework",
				"${TARGET_BUILD_DIR}/${FRAMEWORKS_FOLDER_PATH}/RxTest.framework",
			);
			runOnlyForDeploymentPostprocessing = 0;
			shellPath = /bin/sh;
			shellScript = "\"${SRCROOT}/Pods/Target Support Files/Pods-MVVMTemplateTests/Pods-MVVMTemplateTests-frameworks.sh\"\n";
			showEnvVarsInLog = 0;
		};
		E1FE89947817CF46870F75C2 /* [CP] Embed Pods Frameworks */ = {
			isa = PBXShellScriptBuildPhase;
			buildActionMask = 2147483647;
			files = (
			);
			inputPaths = (
				"${SRCROOT}/Pods/Target Support Files/Pods-MVVMTemplateUITests/Pods-MVVMTemplateUITests-frameworks.sh",
				"${BUILT_PRODUCTS_DIR}/RxSwift/RxSwift.framework",
				"${BUILT_PRODUCTS_DIR}/RxBlocking/RxBlocking.framework",
				"${BUILT_PRODUCTS_DIR}/RxTest/RxTest.framework",
			);
			name = "[CP] Embed Pods Frameworks";
			outputPaths = (
				"${TARGET_BUILD_DIR}/${FRAMEWORKS_FOLDER_PATH}/RxSwift.framework",
				"${TARGET_BUILD_DIR}/${FRAMEWORKS_FOLDER_PATH}/RxBlocking.framework",
				"${TARGET_BUILD_DIR}/${FRAMEWORKS_FOLDER_PATH}/RxTest.framework",
			);
			runOnlyForDeploymentPostprocessing = 0;
			shellPath = /bin/sh;
			shellScript = "\"${SRCROOT}/Pods/Target Support Files/Pods-MVVMTemplateUITests/Pods-MVVMTemplateUITests-frameworks.sh\"\n";
			showEnvVarsInLog = 0;
		};
		E32457B4A699B510580030DE /* [CP] Check Pods Manifest.lock */ = {
			isa = PBXShellScriptBuildPhase;
			buildActionMask = 2147483647;
			files = (
			);
			inputPaths = (
				"${PODS_PODFILE_DIR_PATH}/Podfile.lock",
				"${PODS_ROOT}/Manifest.lock",
			);
			name = "[CP] Check Pods Manifest.lock";
			outputPaths = (
				"$(DERIVED_FILE_DIR)/Pods-MVVMTemplateTests-checkManifestLockResult.txt",
			);
			runOnlyForDeploymentPostprocessing = 0;
			shellPath = /bin/sh;
			shellScript = "diff \"${PODS_PODFILE_DIR_PATH}/Podfile.lock\" \"${PODS_ROOT}/Manifest.lock\" > /dev/null\nif [ $? != 0 ] ; then\n    # print error to STDERR\n    echo \"error: The sandbox is not in sync with the Podfile.lock. Run 'pod install' or update your CocoaPods installation.\" >&2\n    exit 1\nfi\n# This output is used by Xcode 'outputs' to avoid re-running this script phase.\necho \"SUCCESS\" > \"${SCRIPT_OUTPUT_FILE_0}\"\n";
			showEnvVarsInLog = 0;
		};
		E947FEC5E725992B7975D394 /* [CP] Embed Pods Frameworks */ = {
			isa = PBXShellScriptBuildPhase;
			buildActionMask = 2147483647;
			files = (
			);
			inputPaths = (
				"${SRCROOT}/Pods/Target Support Files/Pods-MVVMTemplate/Pods-MVVMTemplate-frameworks.sh",
				"${BUILT_PRODUCTS_DIR}/Alamofire/Alamofire.framework",
				"${BUILT_PRODUCTS_DIR}/Differentiator/Differentiator.framework",
				"${BUILT_PRODUCTS_DIR}/Nuke/Nuke.framework",
				"${BUILT_PRODUCTS_DIR}/RxAlamofire/RxAlamofire.framework",
				"${BUILT_PRODUCTS_DIR}/RxCocoa/RxCocoa.framework",
				"${BUILT_PRODUCTS_DIR}/RxDataSources/RxDataSources.framework",
				"${BUILT_PRODUCTS_DIR}/RxNuke/RxNuke.framework",
				"${BUILT_PRODUCTS_DIR}/RxSwift/RxSwift.framework",
				"${BUILT_PRODUCTS_DIR}/SnapKit/SnapKit.framework",
			);
			name = "[CP] Embed Pods Frameworks";
			outputPaths = (
				"${TARGET_BUILD_DIR}/${FRAMEWORKS_FOLDER_PATH}/Alamofire.framework",
				"${TARGET_BUILD_DIR}/${FRAMEWORKS_FOLDER_PATH}/Differentiator.framework",
				"${TARGET_BUILD_DIR}/${FRAMEWORKS_FOLDER_PATH}/Nuke.framework",
				"${TARGET_BUILD_DIR}/${FRAMEWORKS_FOLDER_PATH}/RxAlamofire.framework",
				"${TARGET_BUILD_DIR}/${FRAMEWORKS_FOLDER_PATH}/RxCocoa.framework",
				"${TARGET_BUILD_DIR}/${FRAMEWORKS_FOLDER_PATH}/RxDataSources.framework",
				"${TARGET_BUILD_DIR}/${FRAMEWORKS_FOLDER_PATH}/RxNuke.framework",
				"${TARGET_BUILD_DIR}/${FRAMEWORKS_FOLDER_PATH}/RxSwift.framework",
				"${TARGET_BUILD_DIR}/${FRAMEWORKS_FOLDER_PATH}/SnapKit.framework",
			);
			runOnlyForDeploymentPostprocessing = 0;
			shellPath = /bin/sh;
			shellScript = "\"${SRCROOT}/Pods/Target Support Files/Pods-MVVMTemplate/Pods-MVVMTemplate-frameworks.sh\"\n";
			showEnvVarsInLog = 0;
		};
/* End PBXShellScriptBuildPhase section */

/* Begin PBXSourcesBuildPhase section */
		EBECBD4D21341B2B00791B98 /* Sources */ = {
			isa = PBXSourcesBuildPhase;
			buildActionMask = 2147483647;
			files = (
				EB6CA0E12144C4EA0076CEDF /* Bindable.swift in Sources */,
				EBE0B27F21B37B2800283610 /* ViewModelSpec.swift in Sources */,
				EBECBD5721341B2B00791B98 /* ViewController.swift in Sources */,
				EBECBD88213422A000791B98 /* ViewModelAttachable.swift in Sources */,
				EB3D22DE2135ABF80033BCF3 /* Connectable.swift in Sources */,
				EBECBD5D21341B2B00791B98 /* MVVMTemplate.xcdatamodeld in Sources */,
				EBECBD89213422A000791B98 /* ViewModelType.swift in Sources */,
				EBECBD5521341B2B00791B98 /* AppDelegate.swift in Sources */,
				EBECBD8C2134548500791B98 /* MainViewModel.swift in Sources */,
				EB7AD2DC2142DB1A00C530F3 /* HexColor.swift in Sources */,
				EB3D22DC2135A3A60033BCF3 /* Reusable.swift in Sources */,
				EB6CA0E32144D6D20076CEDF /* Button+Extension.swift in Sources */,
			);
			runOnlyForDeploymentPostprocessing = 0;
		};
		EBECBD6421341B2C00791B98 /* Sources */ = {
			isa = PBXSourcesBuildPhase;
			buildActionMask = 2147483647;
			files = (
				EBECBD6D21341B2C00791B98 /* MVVMTemplateTests.swift in Sources */,
			);
			runOnlyForDeploymentPostprocessing = 0;
		};
		EBECBD6F21341B2C00791B98 /* Sources */ = {
			isa = PBXSourcesBuildPhase;
			buildActionMask = 2147483647;
			files = (
				EBECBD7821341B2C00791B98 /* MVVMTemplateUITests.swift in Sources */,
			);
			runOnlyForDeploymentPostprocessing = 0;
		};
/* End PBXSourcesBuildPhase section */

/* Begin PBXTargetDependency section */
		EBECBD6A21341B2C00791B98 /* PBXTargetDependency */ = {
			isa = PBXTargetDependency;
			target = EBECBD5021341B2B00791B98 /* MVVMTemplate */;
			targetProxy = EBECBD6921341B2C00791B98 /* PBXContainerItemProxy */;
		};
		EBECBD7521341B2C00791B98 /* PBXTargetDependency */ = {
			isa = PBXTargetDependency;
			target = EBECBD5021341B2B00791B98 /* MVVMTemplate */;
			targetProxy = EBECBD7421341B2C00791B98 /* PBXContainerItemProxy */;
		};
/* End PBXTargetDependency section */

/* Begin PBXVariantGroup section */
		EBECBD5821341B2B00791B98 /* Main.storyboard */ = {
			isa = PBXVariantGroup;
			children = (
				EBECBD5921341B2B00791B98 /* Base */,
			);
			name = Main.storyboard;
			sourceTree = "<group>";
		};
		EBECBD6021341B2C00791B98 /* LaunchScreen.storyboard */ = {
			isa = PBXVariantGroup;
			children = (
				EBECBD6121341B2C00791B98 /* Base */,
			);
			name = LaunchScreen.storyboard;
			sourceTree = "<group>";
		};
/* End PBXVariantGroup section */

/* Begin XCBuildConfiguration section */
		EBECBD7A21341B2C00791B98 /* Debug */ = {
			isa = XCBuildConfiguration;
			buildSettings = {
				ALWAYS_SEARCH_USER_PATHS = NO;
				CLANG_ANALYZER_NONNULL = YES;
				CLANG_ANALYZER_NUMBER_OBJECT_CONVERSION = YES_AGGRESSIVE;
				CLANG_CXX_LANGUAGE_STANDARD = "gnu++14";
				CLANG_CXX_LIBRARY = "libc++";
				CLANG_ENABLE_MODULES = YES;
				CLANG_ENABLE_OBJC_ARC = YES;
				CLANG_ENABLE_OBJC_WEAK = YES;
				CLANG_WARN_BLOCK_CAPTURE_AUTORELEASING = YES;
				CLANG_WARN_BOOL_CONVERSION = YES;
				CLANG_WARN_COMMA = YES;
				CLANG_WARN_CONSTANT_CONVERSION = YES;
				CLANG_WARN_DEPRECATED_OBJC_IMPLEMENTATIONS = YES;
				CLANG_WARN_DIRECT_OBJC_ISA_USAGE = YES_ERROR;
				CLANG_WARN_DOCUMENTATION_COMMENTS = YES;
				CLANG_WARN_EMPTY_BODY = YES;
				CLANG_WARN_ENUM_CONVERSION = YES;
				CLANG_WARN_INFINITE_RECURSION = YES;
				CLANG_WARN_INT_CONVERSION = YES;
				CLANG_WARN_NON_LITERAL_NULL_CONVERSION = YES;
				CLANG_WARN_OBJC_IMPLICIT_RETAIN_SELF = YES;
				CLANG_WARN_OBJC_LITERAL_CONVERSION = YES;
				CLANG_WARN_OBJC_ROOT_CLASS = YES_ERROR;
				CLANG_WARN_RANGE_LOOP_ANALYSIS = YES;
				CLANG_WARN_STRICT_PROTOTYPES = YES;
				CLANG_WARN_SUSPICIOUS_MOVE = YES;
				CLANG_WARN_UNGUARDED_AVAILABILITY = YES_AGGRESSIVE;
				CLANG_WARN_UNREACHABLE_CODE = YES;
				CLANG_WARN__DUPLICATE_METHOD_MATCH = YES;
				CODE_SIGN_IDENTITY = "iPhone Developer";
				COPY_PHASE_STRIP = NO;
				DEBUG_INFORMATION_FORMAT = dwarf;
				ENABLE_STRICT_OBJC_MSGSEND = YES;
				ENABLE_TESTABILITY = YES;
				GCC_C_LANGUAGE_STANDARD = gnu11;
				GCC_DYNAMIC_NO_PIC = NO;
				GCC_NO_COMMON_BLOCKS = YES;
				GCC_OPTIMIZATION_LEVEL = 0;
				GCC_PREPROCESSOR_DEFINITIONS = (
					"DEBUG=1",
					"$(inherited)",
				);
				GCC_WARN_64_TO_32_BIT_CONVERSION = YES;
				GCC_WARN_ABOUT_RETURN_TYPE = YES_ERROR;
				GCC_WARN_UNDECLARED_SELECTOR = YES;
				GCC_WARN_UNINITIALIZED_AUTOS = YES_AGGRESSIVE;
				GCC_WARN_UNUSED_FUNCTION = YES;
				GCC_WARN_UNUSED_VARIABLE = YES;
				IPHONEOS_DEPLOYMENT_TARGET = 11.4;
				MTL_ENABLE_DEBUG_INFO = YES;
				ONLY_ACTIVE_ARCH = YES;
				SDKROOT = iphoneos;
				SWIFT_ACTIVE_COMPILATION_CONDITIONS = DEBUG;
				SWIFT_OPTIMIZATION_LEVEL = "-Onone";
			};
			name = Debug;
		};
		EBECBD7B21341B2C00791B98 /* Release */ = {
			isa = XCBuildConfiguration;
			buildSettings = {
				ALWAYS_SEARCH_USER_PATHS = NO;
				CLANG_ANALYZER_NONNULL = YES;
				CLANG_ANALYZER_NUMBER_OBJECT_CONVERSION = YES_AGGRESSIVE;
				CLANG_CXX_LANGUAGE_STANDARD = "gnu++14";
				CLANG_CXX_LIBRARY = "libc++";
				CLANG_ENABLE_MODULES = YES;
				CLANG_ENABLE_OBJC_ARC = YES;
				CLANG_ENABLE_OBJC_WEAK = YES;
				CLANG_WARN_BLOCK_CAPTURE_AUTORELEASING = YES;
				CLANG_WARN_BOOL_CONVERSION = YES;
				CLANG_WARN_COMMA = YES;
				CLANG_WARN_CONSTANT_CONVERSION = YES;
				CLANG_WARN_DEPRECATED_OBJC_IMPLEMENTATIONS = YES;
				CLANG_WARN_DIRECT_OBJC_ISA_USAGE = YES_ERROR;
				CLANG_WARN_DOCUMENTATION_COMMENTS = YES;
				CLANG_WARN_EMPTY_BODY = YES;
				CLANG_WARN_ENUM_CONVERSION = YES;
				CLANG_WARN_INFINITE_RECURSION = YES;
				CLANG_WARN_INT_CONVERSION = YES;
				CLANG_WARN_NON_LITERAL_NULL_CONVERSION = YES;
				CLANG_WARN_OBJC_IMPLICIT_RETAIN_SELF = YES;
				CLANG_WARN_OBJC_LITERAL_CONVERSION = YES;
				CLANG_WARN_OBJC_ROOT_CLASS = YES_ERROR;
				CLANG_WARN_RANGE_LOOP_ANALYSIS = YES;
				CLANG_WARN_STRICT_PROTOTYPES = YES;
				CLANG_WARN_SUSPICIOUS_MOVE = YES;
				CLANG_WARN_UNGUARDED_AVAILABILITY = YES_AGGRESSIVE;
				CLANG_WARN_UNREACHABLE_CODE = YES;
				CLANG_WARN__DUPLICATE_METHOD_MATCH = YES;
				CODE_SIGN_IDENTITY = "iPhone Developer";
				COPY_PHASE_STRIP = NO;
				DEBUG_INFORMATION_FORMAT = "dwarf-with-dsym";
				ENABLE_NS_ASSERTIONS = NO;
				ENABLE_STRICT_OBJC_MSGSEND = YES;
				GCC_C_LANGUAGE_STANDARD = gnu11;
				GCC_NO_COMMON_BLOCKS = YES;
				GCC_WARN_64_TO_32_BIT_CONVERSION = YES;
				GCC_WARN_ABOUT_RETURN_TYPE = YES_ERROR;
				GCC_WARN_UNDECLARED_SELECTOR = YES;
				GCC_WARN_UNINITIALIZED_AUTOS = YES_AGGRESSIVE;
				GCC_WARN_UNUSED_FUNCTION = YES;
				GCC_WARN_UNUSED_VARIABLE = YES;
				IPHONEOS_DEPLOYMENT_TARGET = 11.4;
				MTL_ENABLE_DEBUG_INFO = NO;
				SDKROOT = iphoneos;
				SWIFT_COMPILATION_MODE = wholemodule;
				SWIFT_OPTIMIZATION_LEVEL = "-O";
				VALIDATE_PRODUCT = YES;
			};
			name = Release;
		};
		EBECBD7D21341B2C00791B98 /* Debug */ = {
			isa = XCBuildConfiguration;
			baseConfigurationReference = 50DA63EF91E668296AAFF4AB /* Pods-MVVMTemplate.debug.xcconfig */;
			buildSettings = {
				ASSETCATALOG_COMPILER_APPICON_NAME = AppIcon;
				CODE_SIGN_STYLE = Automatic;
				DEVELOPMENT_TEAM = 2R2QCX6BSC;
				INFOPLIST_FILE = MVVMTemplate/Info.plist;
				LD_RUNPATH_SEARCH_PATHS = (
					"$(inherited)",
					"@executable_path/Frameworks",
				);
				PRODUCT_BUNDLE_IDENTIFIER = com.js.MVVMTemplate;
				PRODUCT_NAME = "$(TARGET_NAME)";
				SWIFT_VERSION = 4.0;
				TARGETED_DEVICE_FAMILY = 1;
			};
			name = Debug;
		};
		EBECBD7E21341B2C00791B98 /* Release */ = {
			isa = XCBuildConfiguration;
			baseConfigurationReference = B6122E7F8442A3644183622F /* Pods-MVVMTemplate.release.xcconfig */;
			buildSettings = {
				ASSETCATALOG_COMPILER_APPICON_NAME = AppIcon;
				CODE_SIGN_STYLE = Automatic;
				DEVELOPMENT_TEAM = 2R2QCX6BSC;
				INFOPLIST_FILE = MVVMTemplate/Info.plist;
				LD_RUNPATH_SEARCH_PATHS = (
					"$(inherited)",
					"@executable_path/Frameworks",
				);
				PRODUCT_BUNDLE_IDENTIFIER = com.js.MVVMTemplate;
				PRODUCT_NAME = "$(TARGET_NAME)";
				SWIFT_VERSION = 4.0;
				TARGETED_DEVICE_FAMILY = 1;
			};
			name = Release;
		};
		EBECBD8021341B2C00791B98 /* Debug */ = {
			isa = XCBuildConfiguration;
			baseConfigurationReference = ECB49B25955F5007E296A8EB /* Pods-MVVMTemplateTests.debug.xcconfig */;
			buildSettings = {
				ALWAYS_EMBED_SWIFT_STANDARD_LIBRARIES = YES;
				BUNDLE_LOADER = "$(TEST_HOST)";
				CODE_SIGN_STYLE = Automatic;
				DEVELOPMENT_TEAM = 2R2QCX6BSC;
				INFOPLIST_FILE = MVVMTemplateTests/Info.plist;
				LD_RUNPATH_SEARCH_PATHS = (
					"$(inherited)",
					"@executable_path/Frameworks",
					"@loader_path/Frameworks",
				);
				PRODUCT_BUNDLE_IDENTIFIER = com.js.MVVMTemplateTests;
				PRODUCT_NAME = "$(TARGET_NAME)";
				SWIFT_VERSION = 4.0;
				TARGETED_DEVICE_FAMILY = "1,2";
				TEST_HOST = "$(BUILT_PRODUCTS_DIR)/MVVMTemplate.app/MVVMTemplate";
			};
			name = Debug;
		};
		EBECBD8121341B2C00791B98 /* Release */ = {
			isa = XCBuildConfiguration;
			baseConfigurationReference = 2ADC3E48A7CBF0A8C56069C7 /* Pods-MVVMTemplateTests.release.xcconfig */;
			buildSettings = {
				ALWAYS_EMBED_SWIFT_STANDARD_LIBRARIES = YES;
				BUNDLE_LOADER = "$(TEST_HOST)";
				CODE_SIGN_STYLE = Automatic;
				DEVELOPMENT_TEAM = 2R2QCX6BSC;
				INFOPLIST_FILE = MVVMTemplateTests/Info.plist;
				LD_RUNPATH_SEARCH_PATHS = (
					"$(inherited)",
					"@executable_path/Frameworks",
					"@loader_path/Frameworks",
				);
				PRODUCT_BUNDLE_IDENTIFIER = com.js.MVVMTemplateTests;
				PRODUCT_NAME = "$(TARGET_NAME)";
				SWIFT_VERSION = 4.0;
				TARGETED_DEVICE_FAMILY = "1,2";
				TEST_HOST = "$(BUILT_PRODUCTS_DIR)/MVVMTemplate.app/MVVMTemplate";
			};
			name = Release;
		};
		EBECBD8321341B2C00791B98 /* Debug */ = {
			isa = XCBuildConfiguration;
			baseConfigurationReference = 6907DA3517AC7E26D007A651 /* Pods-MVVMTemplateUITests.debug.xcconfig */;
			buildSettings = {
				ALWAYS_EMBED_SWIFT_STANDARD_LIBRARIES = YES;
				CODE_SIGN_STYLE = Automatic;
				DEVELOPMENT_TEAM = 2R2QCX6BSC;
				INFOPLIST_FILE = MVVMTemplateUITests/Info.plist;
				LD_RUNPATH_SEARCH_PATHS = (
					"$(inherited)",
					"@executable_path/Frameworks",
					"@loader_path/Frameworks",
				);
				PRODUCT_BUNDLE_IDENTIFIER = com.js.MVVMTemplateUITests;
				PRODUCT_NAME = "$(TARGET_NAME)";
				SWIFT_VERSION = 4.0;
				TARGETED_DEVICE_FAMILY = "1,2";
				TEST_TARGET_NAME = MVVMTemplate;
			};
			name = Debug;
		};
		EBECBD8421341B2C00791B98 /* Release */ = {
			isa = XCBuildConfiguration;
			baseConfigurationReference = 0DB22E02AC831D1C2A2F43D0 /* Pods-MVVMTemplateUITests.release.xcconfig */;
			buildSettings = {
				ALWAYS_EMBED_SWIFT_STANDARD_LIBRARIES = YES;
				CODE_SIGN_STYLE = Automatic;
				DEVELOPMENT_TEAM = 2R2QCX6BSC;
				INFOPLIST_FILE = MVVMTemplateUITests/Info.plist;
				LD_RUNPATH_SEARCH_PATHS = (
					"$(inherited)",
					"@executable_path/Frameworks",
					"@loader_path/Frameworks",
				);
				PRODUCT_BUNDLE_IDENTIFIER = com.js.MVVMTemplateUITests;
				PRODUCT_NAME = "$(TARGET_NAME)";
				SWIFT_VERSION = 4.0;
				TARGETED_DEVICE_FAMILY = "1,2";
				TEST_TARGET_NAME = MVVMTemplate;
			};
			name = Release;
		};
/* End XCBuildConfiguration section */

/* Begin XCConfigurationList section */
		EBECBD4C21341B2B00791B98 /* Build configuration list for PBXProject "MVVMTemplate" */ = {
			isa = XCConfigurationList;
			buildConfigurations = (
				EBECBD7A21341B2C00791B98 /* Debug */,
				EBECBD7B21341B2C00791B98 /* Release */,
			);
			defaultConfigurationIsVisible = 0;
			defaultConfigurationName = Release;
		};
		EBECBD7C21341B2C00791B98 /* Build configuration list for PBXNativeTarget "MVVMTemplate" */ = {
			isa = XCConfigurationList;
			buildConfigurations = (
				EBECBD7D21341B2C00791B98 /* Debug */,
				EBECBD7E21341B2C00791B98 /* Release */,
			);
			defaultConfigurationIsVisible = 0;
			defaultConfigurationName = Release;
		};
		EBECBD7F21341B2C00791B98 /* Build configuration list for PBXNativeTarget "MVVMTemplateTests" */ = {
			isa = XCConfigurationList;
			buildConfigurations = (
				EBECBD8021341B2C00791B98 /* Debug */,
				EBECBD8121341B2C00791B98 /* Release */,
			);
			defaultConfigurationIsVisible = 0;
			defaultConfigurationName = Release;
		};
		EBECBD8221341B2C00791B98 /* Build configuration list for PBXNativeTarget "MVVMTemplateUITests" */ = {
			isa = XCConfigurationList;
			buildConfigurations = (
				EBECBD8321341B2C00791B98 /* Debug */,
				EBECBD8421341B2C00791B98 /* Release */,
			);
			defaultConfigurationIsVisible = 0;
			defaultConfigurationName = Release;
		};
/* End XCConfigurationList section */

/* Begin XCVersionGroup section */
		EBECBD5B21341B2B00791B98 /* MVVMTemplate.xcdatamodeld */ = {
			isa = XCVersionGroup;
			children = (
				EBECBD5C21341B2B00791B98 /* MVVMTemplate.xcdatamodel */,
			);
			currentVersion = EBECBD5C21341B2B00791B98 /* MVVMTemplate.xcdatamodel */;
			path = MVVMTemplate.xcdatamodeld;
			sourceTree = "<group>";
			versionGroupType = wrapper.xcdatamodel;
		};
/* End XCVersionGroup section */
	};
	rootObject = EBECBD4921341B2B00791B98 /* Project object */;
}
